
Microsoft Visual Studio Solution File, Format Version 12.00
# Visual Studio Version 17
VisualStudioVersion = 17.9.34723.18
MinimumVisualStudioVersion = 10.0.40219.1
Project("{9A19103F-16F7-4668-BE54-9A1E7A4F7556}") = "BloodDonationApp", "Job_Portal_API\BloodDonationApp.csproj", "{5C0C8BB5-98B0-49F1-A76D-966D973B7FE5}"
EndProject
Project("{FAE04EC0-301F-11D3-BF4B-00C04F79EFBC}") = "BloodDonationAppTesting", "BloodDonationAppTesting\BloodDonationAppTesting.csproj", "{67462337-B905-4D8A-9E1F-70232DEE4E25}"
EndProject
Global
	GlobalSection(SolutionConfigurationPlatforms) = preSolution
		Debug|Any CPU = Debug|Any CPU
		Release|Any CPU = Release|Any CPU
	EndGlobalSection
	GlobalSection(ProjectConfigurationPlatforms) = postSolution
		{5C0C8BB5-98B0-49F1-A76D-966D973B7FE5}.Debug|Any CPU.ActiveCfg = Debug|Any CPU
		{5C0C8BB5-98B0-49F1-A76D-966D973B7FE5}.Debug|Any CPU.Build.0 = Debug|Any CPU
		{5C0C8BB5-98B0-49F1-A76D-966D973B7FE5}.Release|Any CPU.ActiveCfg = Release|Any CPU
		{5C0C8BB5-98B0-49F1-A76D-966D973B7FE5}.Release|Any CPU.Build.0 = Release|Any CPU
		{67462337-B905-4D8A-9E1F-70232DEE4E25}.Debug|Any CPU.ActiveCfg = Debug|Any CPU
		{67462337-B905-4D8A-9E1F-70232DEE4E25}.Debug|Any CPU.Build.0 = Debug|Any CPU
		{67462337-B905-4D8A-9E1F-70232DEE4E25}.Release|Any CPU.ActiveCfg = Release|Any CPU
		{67462337-B905-4D8A-9E1F-70232DEE4E25}.Release|Any CPU.Build.0 = Release|Any CPU
	EndGlobalSection
	GlobalSection(SolutionProperties) = preSolution
		HideSolutionNode = FALSE
	EndGlobalSection
	GlobalSection(ExtensibilityGlobals) = postSolution
		SolutionGuid = {2D205BBA-6AA6-4CF5-AD1D-9CA8AFF28297}
	EndGlobalSection
EndGlobal
